
Microsoft Visual Studio Solution File, Format Version 12.00
# Visual Studio Version 16
VisualStudioVersion = 16.0.30114.105
MinimumVisualStudioVersion = 10.0.40219.1
Project("{FAE04EC0-301F-11D3-BF4B-00C04F79EFBC}") = "API", "API\API.csproj", "{3614CE37-C832-41A6-9B89-13032A0FF5D9}"
EndProject
Project("{FAE04EC0-301F-11D3-BF4B-00C04F79EFBC}") = "Application", "Application\Application.csproj", "{1F95576A-A362-421E-A5E0-4EBF7081406D}"
EndProject
Project("{FAE04EC0-301F-11D3-BF4B-00C04F79EFBC}") = "Persistence", "Persistence\Persistence.csproj", "{58584007-A2D8-41B6-B4AE-6521B2C6BEDE}"
EndProject
Project("{FAE04EC0-301F-11D3-BF4B-00C04F79EFBC}") = "Domain", "Domain\Domain.csproj", "{A4FB17B4-1435-4D12-A1C6-B16997934550}"
EndProject
Global
	GlobalSection(SolutionConfigurationPlatforms) = preSolution
		Debug|Any CPU = Debug|Any CPU
		Release|Any CPU = Release|Any CPU
	EndGlobalSection
	GlobalSection(SolutionProperties) = preSolution
		HideSolutionNode = FALSE
	EndGlobalSection
	GlobalSection(ProjectConfigurationPlatforms) = postSolution
		{3614CE37-C832-41A6-9B89-13032A0FF5D9}.Debug|Any CPU.ActiveCfg = Debug|Any CPU
		{3614CE37-C832-41A6-9B89-13032A0FF5D9}.Debug|Any CPU.Build.0 = Debug|Any CPU
		{3614CE37-C832-41A6-9B89-13032A0FF5D9}.Release|Any CPU.ActiveCfg = Release|Any CPU
		{3614CE37-C832-41A6-9B89-13032A0FF5D9}.Release|Any CPU.Build.0 = Release|Any CPU
		{1F95576A-A362-421E-A5E0-4EBF7081406D}.Debug|Any CPU.ActiveCfg = Debug|Any CPU
		{1F95576A-A362-421E-A5E0-4EBF7081406D}.Debug|Any CPU.Build.0 = Debug|Any CPU
		{1F95576A-A362-421E-A5E0-4EBF7081406D}.Release|Any CPU.ActiveCfg = Release|Any CPU
		{1F95576A-A362-421E-A5E0-4EBF7081406D}.Release|Any CPU.Build.0 = Release|Any CPU
		{58584007-A2D8-41B6-B4AE-6521B2C6BEDE}.Debug|Any CPU.ActiveCfg = Debug|Any CPU
		{58584007-A2D8-41B6-B4AE-6521B2C6BEDE}.Debug|Any CPU.Build.0 = Debug|Any CPU
		{58584007-A2D8-41B6-B4AE-6521B2C6BEDE}.Release|Any CPU.ActiveCfg = Release|Any CPU
		{58584007-A2D8-41B6-B4AE-6521B2C6BEDE}.Release|Any CPU.Build.0 = Release|Any CPU
		{A4FB17B4-1435-4D12-A1C6-B16997934550}.Debug|Any CPU.ActiveCfg = Debug|Any CPU
		{A4FB17B4-1435-4D12-A1C6-B16997934550}.Debug|Any CPU.Build.0 = Debug|Any CPU
		{A4FB17B4-1435-4D12-A1C6-B16997934550}.Release|Any CPU.ActiveCfg = Release|Any CPU
		{A4FB17B4-1435-4D12-A1C6-B16997934550}.Release|Any CPU.Build.0 = Release|Any CPU
	EndGlobalSection
EndGlobal
